<?xml version="1.0" encoding="utf-8"?>
<Project ToolsVersion="4.0" xmlns="http://schemas.microsoft.com/developer/msbuild/2003">
  <ItemGroup>
    <ClCompile Include="game.c" />
    <ClCompile Include="PI_Marajo.c" />
    <ClCompile Include="player.c" />
    <ClCompile Include="recursos.c" />
    <ClCompile Include="entidade.c" />
    <ClCompile Include="personagens.c" />
    <ClCompile Include="inimigo.c" />
    <ClCompile Include="cenario.c">
      <Filter>cenario</Filter>
    </ClCompile>
  </ItemGroup>
  <ItemGroup>
    <ClInclude Include="estado.h" />
    <ClInclude Include="game.h" />
    <ClInclude Include="player.h" />
    <ClInclude Include="recursos.h" />
    <ClInclude Include="entidade.h" />
    <ClInclude Include="personagens.h" />
    <ClInclude Include="inimigo.h" />
    <ClInclude Include="cenario.h">
      <Filter>cenario</Filter>
    </ClInclude>
  </ItemGroup>
  <ItemGroup>
    <Image Include="images\guerreiro.png" />
    <Image Include="..\..\..\..\..\Luan\mapa__esparta.png">
      <Filter>cenario\images</Filter>
    </Image>
    <Image Include="images\mapa_acampamento.png">
      <Filter>cenario\images</Filter>
    </Image>
    <Image Include="mapa_castelo.png">
      <Filter>cenario\images</Filter>
    </Image>
    <Image Include="..\..\..\..\..\Luan\mapa_grecia.png">
      <Filter>cenario\images</Filter>
    </Image>
    <Image Include="mapa_porto.png">
      <Filter>cenario\images</Filter>
    </Image>
  </ItemGroup>
  <ItemGroup>
    <None Include="packages.config" />
  </ItemGroup>
  <ItemGroup>
    <Filter Include="cenario">
      <UniqueIdentifier>{9e07d8eb-5e6f-4e51-8bc9-c2efa9636306}</UniqueIdentifier>
    </Filter>
    <Filter Include="cenario\images">
      <UniqueIdentifier>{6f4d8bf9-f450-42cc-980e-cf5929d2ee6e}</UniqueIdentifier>
    </Filter>
  </ItemGroup>
</Project>